// !$*UTF8*$!
{
	archiveVersion = 1;
	classes = {
	};
	objectVersion = 50;
	objects = {

/* Begin PBXBuildFile section */
		DA064D682B8F6478009D5C2B /* DB.xcdatamodeld in Sources */ = {isa = PBXBuildFile; fileRef = DA064D662B8F6478009D5C2B /* DB.xcdatamodeld */; };
		DA3059172B8EB5D500A4F16E /* LoginViewController.swift in Sources */ = {isa = PBXBuildFile; fileRef = DA3059162B8EB5D500A4F16E /* LoginViewController.swift */; };
		DA3059192B8ED2C000A4F16E /* UserDashboardViewController.swift in Sources */ = {isa = PBXBuildFile; fileRef = DA3059182B8ED2C000A4F16E /* UserDashboardViewController.swift */; };
		DA46D34D2B8E9F5200076EC2 /* AppDelegate.swift in Sources */ = {isa = PBXBuildFile; fileRef = DA46D34C2B8E9F5200076EC2 /* AppDelegate.swift */; };
		DA46D34F2B8E9F5200076EC2 /* SceneDelegate.swift in Sources */ = {isa = PBXBuildFile; fileRef = DA46D34E2B8E9F5200076EC2 /* SceneDelegate.swift */; };
		DA46D3512B8E9F5200076EC2 /* ViewController.swift in Sources */ = {isa = PBXBuildFile; fileRef = DA46D3502B8E9F5200076EC2 /* ViewController.swift */; };
		DA46D3542B8E9F5200076EC2 /* Main.storyboard in Resources */ = {isa = PBXBuildFile; fileRef = DA46D3522B8E9F5200076EC2 /* Main.storyboard */; };
		DA46D3562B8E9F5300076EC2 /* Assets.xcassets in Resources */ = {isa = PBXBuildFile; fileRef = DA46D3552B8E9F5300076EC2 /* Assets.xcassets */; };
		DA46D3592B8E9F5300076EC2 /* LaunchScreen.storyboard in Resources */ = {isa = PBXBuildFile; fileRef = DA46D3572B8E9F5300076EC2 /* LaunchScreen.storyboard */; };
		DA46D3642B8E9F5300076EC2 /* StudentOnlineApplicationTests.swift in Sources */ = {isa = PBXBuildFile; fileRef = DA46D3632B8E9F5300076EC2 /* StudentOnlineApplicationTests.swift */; };
		DA46D36F2B8E9F5300076EC2 /* StudentOnlineApplicationUITests.swift in Sources */ = {isa = PBXBuildFile; fileRef = DA46D36E2B8E9F5300076EC2 /* StudentOnlineApplicationUITests.swift */; };
		DAFC13212B8F8B4700B69E9C /* Aplikimi+CoreDataClass.swift in Sources */ = {isa = PBXBuildFile; fileRef = DAFC131D2B8F8B4700B69E9C /* Aplikimi+CoreDataClass.swift */; };
		DAFC13232B8F8B4700B69E9C /* Useri+CoreDataClass.swift in Sources */ = {isa = PBXBuildFile; fileRef = DAFC131F2B8F8B4700B69E9C /* Useri+CoreDataClass.swift */; };
		DAFC13262B8F918900B69E9C /* AdminDashboardViewController.swift in Sources */ = {isa = PBXBuildFile; fileRef = DAFC13252B8F918900B69E9C /* AdminDashboardViewController.swift */; };
/* End PBXBuildFile section */

/* Begin PBXContainerItemProxy section */
		DA46D3602B8E9F5300076EC2 /* PBXContainerItemProxy */ = {
			isa = PBXContainerItemProxy;
			containerPortal = DA46D3412B8E9F5100076EC2 /* Project object */;
			proxyType = 1;
			remoteGlobalIDString = DA46D3482B8E9F5100076EC2;
			remoteInfo = StudentOnlineApplication;
		};
		DA46D36B2B8E9F5300076EC2 /* PBXContainerItemProxy */ = {
			isa = PBXContainerItemProxy;
			containerPortal = DA46D3412B8E9F5100076EC2 /* Project object */;
			proxyType = 1;
			remoteGlobalIDString = DA46D3482B8E9F5100076EC2;
			remoteInfo = StudentOnlineApplication;
		};
/* End PBXContainerItemProxy section */

/* Begin PBXFileReference section */
		DA064D672B8F6478009D5C2B /* DB.xcdatamodel */ = {isa = PBXFileReference; lastKnownFileType = wrapper.xcdatamodel; path = DB.xcdatamodel; sourceTree = "<group>"; };
		DA3059162B8EB5D500A4F16E /* LoginViewController.swift */ = {isa = PBXFileReference; lastKnownFileType = sourcecode.swift; path = LoginViewController.swift; sourceTree = "<group>"; };
		DA3059182B8ED2C000A4F16E /* UserDashboardViewController.swift */ = {isa = PBXFileReference; lastKnownFileType = sourcecode.swift; path = UserDashboardViewController.swift; sourceTree = "<group>"; };
		DA46D3492B8E9F5100076EC2 /* StudentOnlineApplication.app */ = {isa = PBXFileReference; explicitFileType = wrapper.application; includeInIndex = 0; path = StudentOnlineApplication.app; sourceTree = BUILT_PRODUCTS_DIR; };
		DA46D34C2B8E9F5200076EC2 /* AppDelegate.swift */ = {isa = PBXFileReference; lastKnownFileType = sourcecode.swift; path = AppDelegate.swift; sourceTree = "<group>"; };
		DA46D34E2B8E9F5200076EC2 /* SceneDelegate.swift */ = {isa = PBXFileReference; lastKnownFileType = sourcecode.swift; path = SceneDelegate.swift; sourceTree = "<group>"; };
		DA46D3502B8E9F5200076EC2 /* ViewController.swift */ = {isa = PBXFileReference; lastKnownFileType = sourcecode.swift; path = ViewController.swift; sourceTree = "<group>"; };
		DA46D3532B8E9F5200076EC2 /* Base */ = {isa = PBXFileReference; lastKnownFileType = file.storyboard; name = Base; path = Base.lproj/Main.storyboard; sourceTree = "<group>"; };
		DA46D3552B8E9F5300076EC2 /* Assets.xcassets */ = {isa = PBXFileReference; lastKnownFileType = folder.assetcatalog; path = Assets.xcassets; sourceTree = "<group>"; };
		DA46D3582B8E9F5300076EC2 /* Base */ = {isa = PBXFileReference; lastKnownFileType = file.storyboard; name = Base; path = Base.lproj/LaunchScreen.storyboard; sourceTree = "<group>"; };
		DA46D35A2B8E9F5300076EC2 /* Info.plist */ = {isa = PBXFileReference; lastKnownFileType = text.plist.xml; path = Info.plist; sourceTree = "<group>"; };
		DA46D35F2B8E9F5300076EC2 /* StudentOnlineApplicationTests.xctest */ = {isa = PBXFileReference; explicitFileType = wrapper.cfbundle; includeInIndex = 0; path = StudentOnlineApplicationTests.xctest; sourceTree = BUILT_PRODUCTS_DIR; };
		DA46D3632B8E9F5300076EC2 /* StudentOnlineApplicationTests.swift */ = {isa = PBXFileReference; lastKnownFileType = sourcecode.swift; path = StudentOnlineApplicationTests.swift; sourceTree = "<group>"; };
		DA46D3652B8E9F5300076EC2 /* Info.plist */ = {isa = PBXFileReference; lastKnownFileType = text.plist.xml; path = Info.plist; sourceTree = "<group>"; };
		DA46D36A2B8E9F5300076EC2 /* StudentOnlineApplicationUITests.xctest */ = {isa = PBXFileReference; explicitFileType = wrapper.cfbundle; includeInIndex = 0; path = StudentOnlineApplicationUITests.xctest; sourceTree = BUILT_PRODUCTS_DIR; };
		DA46D36E2B8E9F5300076EC2 /* StudentOnlineApplicationUITests.swift */ = {isa = PBXFileReference; lastKnownFileType = sourcecode.swift; path = StudentOnlineApplicationUITests.swift; sourceTree = "<group>"; };
		DA46D3702B8E9F5300076EC2 /* Info.plist */ = {isa = PBXFileReference; lastKnownFileType = text.plist.xml; path = Info.plist; sourceTree = "<group>"; };
		DAFC131D2B8F8B4700B69E9C /* Aplikimi+CoreDataClass.swift */ = {isa = PBXFileReference; lastKnownFileType = sourcecode.swift; path = "Aplikimi+CoreDataClass.swift"; sourceTree = "<group>"; };
		DAFC131F2B8F8B4700B69E9C /* Useri+CoreDataClass.swift */ = {isa = PBXFileReference; lastKnownFileType = sourcecode.swift; path = "Useri+CoreDataClass.swift"; sourceTree = "<group>"; };
		DAFC13252B8F918900B69E9C /* AdminDashboardViewController.swift */ = {isa = PBXFileReference; lastKnownFileType = sourcecode.swift; path = AdminDashboardViewController.swift; sourceTree = "<group>"; };
/* End PBXFileReference section */

/* Begin PBXFrameworksBuildPhase section */
		DA46D3462B8E9F5100076EC2 /* Frameworks */ = {
			isa = PBXFrameworksBuildPhase;
			buildActionMask = 2147483647;
			files = (
			);
			runOnlyForDeploymentPostprocessing = 0;
		};
		DA46D35C2B8E9F5300076EC2 /* Frameworks */ = {
			isa = PBXFrameworksBuildPhase;
			buildActionMask = 2147483647;
			files = (
			);
			runOnlyForDeploymentPostprocessing = 0;
		};
		DA46D3672B8E9F5300076EC2 /* Frameworks */ = {
			isa = PBXFrameworksBuildPhase;
			buildActionMask = 2147483647;
			files = (
			);
			runOnlyForDeploymentPostprocessing = 0;
		};
/* End PBXFrameworksBuildPhase section */

/* Begin PBXGroup section */
		DA46D3402B8E9F5100076EC2 = {
			isa = PBXGroup;
			children = (
				DA46D34B2B8E9F5100076EC2 /* StudentOnlineApplication */,
				DA46D3622B8E9F5300076EC2 /* StudentOnlineApplicationTests */,
				DA46D36D2B8E9F5300076EC2 /* StudentOnlineApplicationUITests */,
				DA46D34A2B8E9F5100076EC2 /* Products */,
			);
			sourceTree = "<group>";
		};
		DA46D34A2B8E9F5100076EC2 /* Products */ = {
			isa = PBXGroup;
			children = (
				DA46D3492B8E9F5100076EC2 /* StudentOnlineApplication.app */,
				DA46D35F2B8E9F5300076EC2 /* StudentOnlineApplicationTests.xctest */,
				DA46D36A2B8E9F5300076EC2 /* StudentOnlineApplicationUITests.xctest */,
			);
			name = Products;
			sourceTree = "<group>";
		};
		DA46D34B2B8E9F5100076EC2 /* StudentOnlineApplication */ = {
			isa = PBXGroup;
			children = (
				DA5783722B8F7844001305B0 /* Model */,
				DAFC13282B8F96D000B69E9C /* Contents */,
				DA46D3522B8E9F5200076EC2 /* Main.storyboard */,
				DA064D662B8F6478009D5C2B /* DB.xcdatamodeld */,
				DA46D3552B8E9F5300076EC2 /* Assets.xcassets */,
				DA46D3572B8E9F5300076EC2 /* LaunchScreen.storyboard */,
				DA46D35A2B8E9F5300076EC2 /* Info.plist */,
			);
			path = StudentOnlineApplication;
			sourceTree = "<group>";
		};
		DA46D3622B8E9F5300076EC2 /* StudentOnlineApplicationTests */ = {
			isa = PBXGroup;
			children = (
				DA46D3632B8E9F5300076EC2 /* StudentOnlineApplicationTests.swift */,
				DA46D3652B8E9F5300076EC2 /* Info.plist */,
			);
			path = StudentOnlineApplicationTests;
			sourceTree = "<group>";
		};
		DA46D36D2B8E9F5300076EC2 /* StudentOnlineApplicationUITests */ = {
			isa = PBXGroup;
			children = (
				DA46D36E2B8E9F5300076EC2 /* StudentOnlineApplicationUITests.swift */,
				DA46D3702B8E9F5300076EC2 /* Info.plist */,
			);
			path = StudentOnlineApplicationUITests;
			sourceTree = "<group>";
		};
		DA5783722B8F7844001305B0 /* Model */ = {
			isa = PBXGroup;
			children = (
				DAFC131D2B8F8B4700B69E9C /* Aplikimi+CoreDataClass.swift */,
				DAFC131F2B8F8B4700B69E9C /* Useri+CoreDataClass.swift */,
			);
			path = Model;
			sourceTree = "<group>";
		};
		DAFC13282B8F96D000B69E9C /* Contents */ = {
			isa = PBXGroup;
			children = (
				DA46D34E2B8E9F5200076EC2 /* SceneDelegate.swift */,
				DA46D34C2B8E9F5200076EC2 /* AppDelegate.swift */,
				DA46D3502B8E9F5200076EC2 /* ViewController.swift */,
				DA3059162B8EB5D500A4F16E /* LoginViewController.swift */,
				DA3059182B8ED2C000A4F16E /* UserDashboardViewController.swift */,
				DAFC13252B8F918900B69E9C /* AdminDashboardViewController.swift */,
			);
			path = Contents;
			sourceTree = "<group>";
		};
/* End PBXGroup section */

/* Begin PBXNativeTarget section */
		DA46D3482B8E9F5100076EC2 /* StudentOnlineApplication */ = {
			isa = PBXNativeTarget;
			buildConfigurationList = DA46D3732B8E9F5300076EC2 /* Build configuration list for PBXNativeTarget "StudentOnlineApplication" */;
			buildPhases = (
				DA46D3452B8E9F5100076EC2 /* Sources */,
				DA46D3462B8E9F5100076EC2 /* Frameworks */,
				DA46D3472B8E9F5100076EC2 /* Resources */,
				DAF7DDB32B8F81E30016360D /* ShellScript */,
			);
			buildRules = (
			);
			dependencies = (
			);
			name = StudentOnlineApplication;
			productName = StudentOnlineApplication;
			productReference = DA46D3492B8E9F5100076EC2 /* StudentOnlineApplication.app */;
			productType = "com.apple.product-type.application";
		};
		DA46D35E2B8E9F5300076EC2 /* StudentOnlineApplicationTests */ = {
			isa = PBXNativeTarget;
			buildConfigurationList = DA46D3762B8E9F5300076EC2 /* Build configuration list for PBXNativeTarget "StudentOnlineApplicationTests" */;
			buildPhases = (
				DA46D35B2B8E9F5300076EC2 /* Sources */,
				DA46D35C2B8E9F5300076EC2 /* Frameworks */,
				DA46D35D2B8E9F5300076EC2 /* Resources */,
			);
			buildRules = (
			);
			dependencies = (
				DA46D3612B8E9F5300076EC2 /* PBXTargetDependency */,
			);
			name = StudentOnlineApplicationTests;
			productName = StudentOnlineApplicationTests;
			productReference = DA46D35F2B8E9F5300076EC2 /* StudentOnlineApplicationTests.xctest */;
			productType = "com.apple.product-type.bundle.unit-test";
		};
		DA46D3692B8E9F5300076EC2 /* StudentOnlineApplicationUITests */ = {
			isa = PBXNativeTarget;
			buildConfigurationList = DA46D3792B8E9F5300076EC2 /* Build configuration list for PBXNativeTarget "StudentOnlineApplicationUITests" */;
			buildPhases = (
				DA46D3662B8E9F5300076EC2 /* Sources */,
				DA46D3672B8E9F5300076EC2 /* Frameworks */,
				DA46D3682B8E9F5300076EC2 /* Resources */,
			);
			buildRules = (
			);
			dependencies = (
				DA46D36C2B8E9F5300076EC2 /* PBXTargetDependency */,
			);
			name = StudentOnlineApplicationUITests;
			productName = StudentOnlineApplicationUITests;
			productReference = DA46D36A2B8E9F5300076EC2 /* StudentOnlineApplicationUITests.xctest */;
			productType = "com.apple.product-type.bundle.ui-testing";
		};
/* End PBXNativeTarget section */

/* Begin PBXProject section */
		DA46D3412B8E9F5100076EC2 /* Project object */ = {
			isa = PBXProject;
			attributes = {
				LastSwiftUpdateCheck = 1170;
				LastUpgradeCheck = 1170;
				ORGANIZATIONNAME = THIS;
				TargetAttributes = {
					DA46D3482B8E9F5100076EC2 = {
						CreatedOnToolsVersion = 11.7;
					};
					DA46D35E2B8E9F5300076EC2 = {
						CreatedOnToolsVersion = 11.7;
						TestTargetID = DA46D3482B8E9F5100076EC2;
					};
					DA46D3692B8E9F5300076EC2 = {
						CreatedOnToolsVersion = 11.7;
						TestTargetID = DA46D3482B8E9F5100076EC2;
					};
				};
			};
			buildConfigurationList = DA46D3442B8E9F5100076EC2 /* Build configuration list for PBXProject "StudentOnlineApplication" */;
			compatibilityVersion = "Xcode 9.3";
			developmentRegion = en;
			hasScannedForEncodings = 0;
			knownRegions = (
				en,
				Base,
			);
			mainGroup = DA46D3402B8E9F5100076EC2;
			productRefGroup = DA46D34A2B8E9F5100076EC2 /* Products */;
			projectDirPath = "";
			projectRoot = "";
			targets = (
				DA46D3482B8E9F5100076EC2 /* StudentOnlineApplication */,
				DA46D35E2B8E9F5300076EC2 /* StudentOnlineApplicationTests */,
				DA46D3692B8E9F5300076EC2 /* StudentOnlineApplicationUITests */,
			);
		};
/* End PBXProject section */

/* Begin PBXResourcesBuildPhase section */
		DA46D3472B8E9F5100076EC2 /* Resources */ = {
			isa = PBXResourcesBuildPhase;
			buildActionMask = 2147483647;
			files = (
				DA46D3592B8E9F5300076EC2 /* LaunchScreen.storyboard in Resources */,
				DA46D3562B8E9F5300076EC2 /* Assets.xcassets in Resources */,
				DA46D3542B8E9F5200076EC2 /* Main.storyboard in Resources */,
			);
			runOnlyForDeploymentPostprocessing = 0;
		};
		DA46D35D2B8E9F5300076EC2 /* Resources */ = {
			isa = PBXResourcesBuildPhase;
			buildActionMask = 2147483647;
			files = (
			);
			runOnlyForDeploymentPostprocessing = 0;
		};
		DA46D3682B8E9F5300076EC2 /* Resources */ = {
			isa = PBXResourcesBuildPhase;
			buildActionMask = 2147483647;
			files = (
			);
			runOnlyForDeploymentPostprocessing = 0;
		};
/* End PBXResourcesBuildPhase section */

/* Begin PBXShellScriptBuildPhase section */
		DAF7DDB32B8F81E30016360D /* ShellScript */ = {
			isa = PBXShellScriptBuildPhase;
			buildActionMask = 2147483647;
			files = (
			);
			inputFileListPaths = (
			);
			inputPaths = (
			);
			outputFileListPaths = (
			);
			outputPaths = (
			);
			runOnlyForDeploymentPostprocessing = 0;
			shellPath = /bin/sh;
			shellScript = "
";
		};
/* End PBXShellScriptBuildPhase section */

/* Begin PBXSourcesBuildPhase section */
		DA46D3452B8E9F5100076EC2 /* Sources */ = {
			isa = PBXSourcesBuildPhase;
			buildActionMask = 2147483647;
			files = (
				DAFC13262B8F918900B69E9C /* AdminDashboardViewController.swift in Sources */,
				DAFC13232B8F8B4700B69E9C /* Useri+CoreDataClass.swift in Sources */,
				DA3059172B8EB5D500A4F16E /* LoginViewController.swift in Sources */,
				DA3059192B8ED2C000A4F16E /* UserDashboardViewController.swift in Sources */,
				DA46D3512B8E9F5200076EC2 /* ViewController.swift in Sources */,
				DA064D682B8F6478009D5C2B /* DB.xcdatamodeld in Sources */,
				DA46D34D2B8E9F5200076EC2 /* AppDelegate.swift in Sources */,
				DA46D34F2B8E9F5200076EC2 /* SceneDelegate.swift in Sources */,
				DAFC13212B8F8B4700B69E9C /* Aplikimi+CoreDataClass.swift in Sources */,
			);
			runOnlyForDeploymentPostprocessing = 0;
		};
		DA46D35B2B8E9F5300076EC2 /* Sources */ = {
			isa = PBXSourcesBuildPhase;
			buildActionMask = 2147483647;
			files = (
				DA46D3642B8E9F5300076EC2 /* StudentOnlineApplicationTests.swift in Sources */,
			);
			runOnlyForDeploymentPostprocessing = 0;
		};
		DA46D3662B8E9F5300076EC2 /* Sources */ = {
			isa = PBXSourcesBuildPhase;
			buildActionMask = 2147483647;
			files = (
				DA46D36F2B8E9F5300076EC2 /* StudentOnlineApplicationUITests.swift in Sources */,
			);
			runOnlyForDeploymentPostprocessing = 0;
		};
/* End PBXSourcesBuildPhase section */

/* Begin PBXTargetDependency section */
		DA46D3612B8E9F5300076EC2 /* PBXTargetDependency */ = {
			isa = PBXTargetDependency;
			target = DA46D3482B8E9F5100076EC2 /* StudentOnlineApplication */;
			targetProxy = DA46D3602B8E9F5300076EC2 /* PBXContainerItemProxy */;
		};
		DA46D36C2B8E9F5300076EC2 /* PBXTargetDependency */ = {
			isa = PBXTargetDependency;
			target = DA46D3482B8E9F5100076EC2 /* StudentOnlineApplication */;
			targetProxy = DA46D36B2B8E9F5300076EC2 /* PBXContainerItemProxy */;
		};
/* End PBXTargetDependency section */

/* Begin PBXVariantGroup section */
		DA46D3522B8E9F5200076EC2 /* Main.storyboard */ = {
			isa = PBXVariantGroup;
			children = (
				DA46D3532B8E9F5200076EC2 /* Base */,
			);
			name = Main.storyboard;
			sourceTree = "<group>";
		};
		DA46D3572B8E9F5300076EC2 /* LaunchScreen.storyboard */ = {
			isa = PBXVariantGroup;
			children = (
				DA46D3582B8E9F5300076EC2 /* Base */,
			);
			name = LaunchScreen.storyboard;
			sourceTree = "<group>";
		};
/* End PBXVariantGroup section */

/* Begin XCBuildConfiguration section */
		DA46D3712B8E9F5300076EC2 /* Debug */ = {
			isa = XCBuildConfiguration;
			buildSettings = {
				ALWAYS_SEARCH_USER_PATHS = NO;
				CLANG_ANALYZER_NONNULL = YES;
				CLANG_ANALYZER_NUMBER_OBJECT_CONVERSION = YES_AGGRESSIVE;
				CLANG_CXX_LANGUAGE_STANDARD = "gnu++14";
				CLANG_CXX_LIBRARY = "libc++";
				CLANG_ENABLE_MODULES = YES;
				CLANG_ENABLE_OBJC_ARC = YES;
				CLANG_ENABLE_OBJC_WEAK = YES;
				CLANG_WARN_BLOCK_CAPTURE_AUTORELEASING = YES;
				CLANG_WARN_BOOL_CONVERSION = YES;
				CLANG_WARN_COMMA = YES;
				CLANG_WARN_CONSTANT_CONVERSION = YES;
				CLANG_WARN_DEPRECATED_OBJC_IMPLEMENTATIONS = YES;
				CLANG_WARN_DIRECT_OBJC_ISA_USAGE = YES_ERROR;
				CLANG_WARN_DOCUMENTATION_COMMENTS = YES;
				CLANG_WARN_EMPTY_BODY = YES;
				CLANG_WARN_ENUM_CONVERSION = YES;
				CLANG_WARN_INFINITE_RECURSION = YES;
				CLANG_WARN_INT_CONVERSION = YES;
				CLANG_WARN_NON_LITERAL_NULL_CONVERSION = YES;
				CLANG_WARN_OBJC_IMPLICIT_RETAIN_SELF = YES;
				CLANG_WARN_OBJC_LITERAL_CONVERSION = YES;
				CLANG_WARN_OBJC_ROOT_CLASS = YES_ERROR;
				CLANG_WARN_RANGE_LOOP_ANALYSIS = YES;
				CLANG_WARN_STRICT_PROTOTYPES = YES;
				CLANG_WARN_SUSPICIOUS_MOVE = YES;
				CLANG_WARN_UNGUARDED_AVAILABILITY = YES_AGGRESSIVE;
				CLANG_WARN_UNREACHABLE_CODE = YES;
				CLANG_WARN__DUPLICATE_METHOD_MATCH = YES;
				COPY_PHASE_STRIP = NO;
				DEBUG_INFORMATION_FORMAT = dwarf;
				ENABLE_STRICT_OBJC_MSGSEND = YES;
				ENABLE_TESTABILITY = YES;
				GCC_C_LANGUAGE_STANDARD = gnu11;
				GCC_DYNAMIC_NO_PIC = NO;
				GCC_NO_COMMON_BLOCKS = YES;
				GCC_OPTIMIZATION_LEVEL = 0;
				GCC_PREPROCESSOR_DEFINITIONS = (
					"DEBUG=1",
					"$(inherited)",
				);
				GCC_WARN_64_TO_32_BIT_CONVERSION = YES;
				GCC_WARN_ABOUT_RETURN_TYPE = YES_ERROR;
				GCC_WARN_UNDECLARED_SELECTOR = YES;
				GCC_WARN_UNINITIALIZED_AUTOS = YES_AGGRESSIVE;
				GCC_WARN_UNUSED_FUNCTION = YES;
				GCC_WARN_UNUSED_VARIABLE = YES;
				IPHONEOS_DEPLOYMENT_TARGET = 13.7;
				MTL_ENABLE_DEBUG_INFO = INCLUDE_SOURCE;
				MTL_FAST_MATH = YES;
				ONLY_ACTIVE_ARCH = YES;
				SDKROOT = iphoneos;
				SWIFT_ACTIVE_COMPILATION_CONDITIONS = DEBUG;
				SWIFT_OPTIMIZATION_LEVEL = "-Onone";
			};
			name = Debug;
		};
		DA46D3722B8E9F5300076EC2 /* Release */ = {
			isa = XCBuildConfiguration;
			buildSettings = {
				ALWAYS_SEARCH_USER_PATHS = NO;
				CLANG_ANALYZER_NONNULL = YES;
				CLANG_ANALYZER_NUMBER_OBJECT_CONVERSION = YES_AGGRESSIVE;
				CLANG_CXX_LANGUAGE_STANDARD = "gnu++14";
				CLANG_CXX_LIBRARY = "libc++";
				CLANG_ENABLE_MODULES = YES;
				CLANG_ENABLE_OBJC_ARC = YES;
				CLANG_ENABLE_OBJC_WEAK = YES;
				CLANG_WARN_BLOCK_CAPTURE_AUTORELEASING = YES;
				CLANG_WARN_BOOL_CONVERSION = YES;
				CLANG_WARN_COMMA = YES;
				CLANG_WARN_CONSTANT_CONVERSION = YES;
				CLANG_WARN_DEPRECATED_OBJC_IMPLEMENTATIONS = YES;
				CLANG_WARN_DIRECT_OBJC_ISA_USAGE = YES_ERROR;
				CLANG_WARN_DOCUMENTATION_COMMENTS = YES;
				CLANG_WARN_EMPTY_BODY = YES;
				CLANG_WARN_ENUM_CONVERSION = YES;
				CLANG_WARN_INFINITE_RECURSION = YES;
				CLANG_WARN_INT_CONVERSION = YES;
				CLANG_WARN_NON_LITERAL_NULL_CONVERSION = YES;
				CLANG_WARN_OBJC_IMPLICIT_RETAIN_SELF = YES;
				CLANG_WARN_OBJC_LITERAL_CONVERSION = YES;
				CLANG_WARN_OBJC_ROOT_CLASS = YES_ERROR;
				CLANG_WARN_RANGE_LOOP_ANALYSIS = YES;
				CLANG_WARN_STRICT_PROTOTYPES = YES;
				CLANG_WARN_SUSPICIOUS_MOVE = YES;
				CLANG_WARN_UNGUARDED_AVAILABILITY = YES_AGGRESSIVE;
				CLANG_WARN_UNREACHABLE_CODE = YES;
				CLANG_WARN__DUPLICATE_METHOD_MATCH = YES;
				COPY_PHASE_STRIP = NO;
				DEBUG_INFORMATION_FORMAT = "dwarf-with-dsym";
				ENABLE_NS_ASSERTIONS = NO;
				ENABLE_STRICT_OBJC_MSGSEND = YES;
				GCC_C_LANGUAGE_STANDARD = gnu11;
				GCC_NO_COMMON_BLOCKS = YES;
				GCC_WARN_64_TO_32_BIT_CONVERSION = YES;
				GCC_WARN_ABOUT_RETURN_TYPE = YES_ERROR;
				GCC_WARN_UNDECLARED_SELECTOR = YES;
				GCC_WARN_UNINITIALIZED_AUTOS = YES_AGGRESSIVE;
				GCC_WARN_UNUSED_FUNCTION = YES;
				GCC_WARN_UNUSED_VARIABLE = YES;
				IPHONEOS_DEPLOYMENT_TARGET = 13.7;
				MTL_ENABLE_DEBUG_INFO = NO;
				MTL_FAST_MATH = YES;
				SDKROOT = iphoneos;
				SWIFT_COMPILATION_MODE = wholemodule;
				SWIFT_OPTIMIZATION_LEVEL = "-O";
				VALIDATE_PRODUCT = YES;
			};
			name = Release;
		};
		DA46D3742B8E9F5300076EC2 /* Debug */ = {
			isa = XCBuildConfiguration;
			buildSettings = {
				ASSETCATALOG_COMPILER_APPICON_NAME = AppIcon;
				CODE_SIGN_STYLE = Automatic;
				INFOPLIST_FILE = StudentOnlineApplication/Info.plist;
				LD_RUNPATH_SEARCH_PATHS = (
					"$(inherited)",
					"@executable_path/Frameworks",
				);
				PRODUCT_BUNDLE_IDENTIFIER = Fiek.StudentOnlineApplication;
				PRODUCT_NAME = "$(TARGET_NAME)";
				SWIFT_VERSION = 5.0;
				TARGETED_DEVICE_FAMILY = "1,2";
			};
			name = Debug;
		};
		DA46D3752B8E9F5300076EC2 /* Release */ = {
			isa = XCBuildConfiguration;
			buildSettings = {
				ASSETCATALOG_COMPILER_APPICON_NAME = AppIcon;
				CODE_SIGN_STYLE = Automatic;
				INFOPLIST_FILE = StudentOnlineApplication/Info.plist;
				LD_RUNPATH_SEARCH_PATHS = (
					"$(inherited)",
					"@executable_path/Frameworks",
				);
				PRODUCT_BUNDLE_IDENTIFIER = Fiek.StudentOnlineApplication;
				PRODUCT_NAME = "$(TARGET_NAME)";
				SWIFT_VERSION = 5.0;
				TARGETED_DEVICE_FAMILY = "1,2";
			};
			name = Release;
		};
		DA46D3772B8E9F5300076EC2 /* Debug */ = {
			isa = XCBuildConfiguration;
			buildSettings = {
				ALWAYS_EMBED_SWIFT_STANDARD_LIBRARIES = YES;
				BUNDLE_LOADER = "$(TEST_HOST)";
				CODE_SIGN_STYLE = Automatic;
				INFOPLIST_FILE = StudentOnlineApplicationTests/Info.plist;
				IPHONEOS_DEPLOYMENT_TARGET = 13.7;
				LD_RUNPATH_SEARCH_PATHS = (
					"$(inherited)",
					"@executable_path/Frameworks",
					"@loader_path/Frameworks",
				);
				PRODUCT_BUNDLE_IDENTIFIER = Fiek.StudentOnlineApplicationTests;
				PRODUCT_NAME = "$(TARGET_NAME)";
				SWIFT_VERSION = 5.0;
				TARGETED_DEVICE_FAMILY = "1,2";
				TEST_HOST = "$(BUILT_PRODUCTS_DIR)/StudentOnlineApplication.app/StudentOnlineApplication";
			};
			name = Debug;
		};
		DA46D3782B8E9F5300076EC2 /* Release */ = {
			isa = XCBuildConfiguration;
			buildSettings = {
				ALWAYS_EMBED_SWIFT_STANDARD_LIBRARIES = YES;
				BUNDLE_LOADER = "$(TEST_HOST)";
				CODE_SIGN_STYLE = Automatic;
				INFOPLIST_FILE = StudentOnlineApplicationTests/Info.plist;
				IPHONEOS_DEPLOYMENT_TARGET = 13.7;
				LD_RUNPATH_SEARCH_PATHS = (
					"$(inherited)",
					"@executable_path/Frameworks",
					"@loader_path/Frameworks",
				);
				PRODUCT_BUNDLE_IDENTIFIER = Fiek.StudentOnlineApplicationTests;
				PRODUCT_NAME = "$(TARGET_NAME)";
				SWIFT_VERSION = 5.0;
				TARGETED_DEVICE_FAMILY = "1,2";
				TEST_HOST = "$(BUILT_PRODUCTS_DIR)/StudentOnlineApplication.app/StudentOnlineApplication";
			};
			name = Release;
		};
		DA46D37A2B8E9F5300076EC2 /* Debug */ = {
			isa = XCBuildConfiguration;
			buildSettings = {
				ALWAYS_EMBED_SWIFT_STANDARD_LIBRARIES = YES;
				CODE_SIGN_STYLE = Automatic;
				INFOPLIST_FILE = StudentOnlineApplicationUITests/Info.plist;
				LD_RUNPATH_SEARCH_PATHS = (
					"$(inherited)",
					"@executable_path/Frameworks",
					"@loader_path/Frameworks",
				);
				PRODUCT_BUNDLE_IDENTIFIER = Fiek.StudentOnlineApplicationUITests;
				PRODUCT_NAME = "$(TARGET_NAME)";
				SWIFT_VERSION = 5.0;
				TARGETED_DEVICE_FAMILY = "1,2";
				TEST_TARGET_NAME = StudentOnlineApplication;
			};
			name = Debug;
		};
		DA46D37B2B8E9F5300076EC2 /* Release */ = {
			isa = XCBuildConfiguration;
			buildSettings = {
				ALWAYS_EMBED_SWIFT_STANDARD_LIBRARIES = YES;
				CODE_SIGN_STYLE = Automatic;
				INFOPLIST_FILE = StudentOnlineApplicationUITests/Info.plist;
				LD_RUNPATH_SEARCH_PATHS = (
					"$(inherited)",
					"@executable_path/Frameworks",
					"@loader_path/Frameworks",
				);
				PRODUCT_BUNDLE_IDENTIFIER = Fiek.StudentOnlineApplicationUITests;
				PRODUCT_NAME = "$(TARGET_NAME)";
				SWIFT_VERSION = 5.0;
				TARGETED_DEVICE_FAMILY = "1,2";
				TEST_TARGET_NAME = StudentOnlineApplication;
			};
			name = Release;
		};
/* End XCBuildConfiguration section */

/* Begin XCConfigurationList section */
		DA46D3442B8E9F5100076EC2 /* Build configuration list for PBXProject "StudentOnlineApplication" */ = {
			isa = XCConfigurationList;
			buildConfigurations = (
				DA46D3712B8E9F5300076EC2 /* Debug */,
				DA46D3722B8E9F5300076EC2 /* Release */,
			);
			defaultConfigurationIsVisible = 0;
			defaultConfigurationName = Release;
		};
		DA46D3732B8E9F5300076EC2 /* Build configuration list for PBXNativeTarget "StudentOnlineApplication" */ = {
			isa = XCConfigurationList;
			buildConfigurations = (
				DA46D3742B8E9F5300076EC2 /* Debug */,
				DA46D3752B8E9F5300076EC2 /* Release */,
			);
			defaultConfigurationIsVisible = 0;
			defaultConfigurationName = Release;
		};
		DA46D3762B8E9F5300076EC2 /* Build configuration list for PBXNativeTarget "StudentOnlineApplicationTests" */ = {
			isa = XCConfigurationList;
			buildConfigurations = (
				DA46D3772B8E9F5300076EC2 /* Debug */,
				DA46D3782B8E9F5300076EC2 /* Release */,
			);
			defaultConfigurationIsVisible = 0;
			defaultConfigurationName = Release;
		};
		DA46D3792B8E9F5300076EC2 /* Build configuration list for PBXNativeTarget "StudentOnlineApplicationUITests" */ = {
			isa = XCConfigurationList;
			buildConfigurations = (
				DA46D37A2B8E9F5300076EC2 /* Debug */,
				DA46D37B2B8E9F5300076EC2 /* Release */,
			);
			defaultConfigurationIsVisible = 0;
			defaultConfigurationName = Release;
		};
/* End XCConfigurationList section */

/* Begin XCVersionGroup section */
		DA064D662B8F6478009D5C2B /* DB.xcdatamodeld */ = {
			isa = XCVersionGroup;
			children = (
				DA064D672B8F6478009D5C2B /* DB.xcdatamodel */,
			);
			currentVersion = DA064D672B8F6478009D5C2B /* DB.xcdatamodel */;
			path = DB.xcdatamodeld;
			sourceTree = "<group>";
			versionGroupType = wrapper.xcdatamodel;
		};
/* End XCVersionGroup section */
	};
	rootObject = DA46D3412B8E9F5100076EC2 /* Project object */;
}
